
Microsoft Visual Studio Solution File, Format Version 12.00
# Visual Studio Version 16
VisualStudioVersion = 16.0.30503.244
MinimumVisualStudioVersion = 10.0.40219.1
Project("{FAE04EC0-301F-11D3-BF4B-00C04F79EFBC}") = "Ticet", "Ticet\Ticet.csproj", "{77F8D0C8-D753-4EB9-8E96-D4E59A5FD114}"
EndProject
Global
	GlobalSection(SolutionConfigurationPlatforms) = preSolution
		Debug|Any CPU = Debug|Any CPU
		Release|Any CPU = Release|Any CPU
	EndGlobalSection
	GlobalSection(ProjectConfigurationPlatforms) = postSolution
		{77F8D0C8-D753-4EB9-8E96-D4E59A5FD114}.Debug|Any CPU.ActiveCfg = Debug|Any CPU
		{77F8D0C8-D753-4EB9-8E96-D4E59A5FD114}.Debug|Any CPU.Build.0 = Debug|Any CPU
		{77F8D0C8-D753-4EB9-8E96-D4E59A5FD114}.Release|Any CPU.ActiveCfg = Release|Any CPU
		{77F8D0C8-D753-4EB9-8E96-D4E59A5FD114}.Release|Any CPU.Build.0 = Release|Any CPU
	EndGlobalSection
	GlobalSection(SolutionProperties) = preSolution
		HideSolutionNode = FALSE
	EndGlobalSection
	GlobalSection(ExtensibilityGlobals) = postSolution
		SolutionGuid = {1999DA1C-A2E9-466D-BC0D-155D592D70F0}
	EndGlobalSection
EndGlobal
